// !$*UTF8*$!
{
	archiveVersion = 1;
	classes = {
	};
	objectVersion = 46;
	objects = {

/* Begin PBXBuildFile section */
		2622CB4C1ECB62D1000FE386 /* AppDelegate.swift in Sources */ = {isa = PBXBuildFile; fileRef = 2622CB4B1ECB62D1000FE386 /* AppDelegate.swift */; };
		2622CB4E1ECB62D1000FE386 /* MainViewController.swift in Sources */ = {isa = PBXBuildFile; fileRef = 2622CB4D1ECB62D1000FE386 /* MainViewController.swift */; };
		2622CB511ECB62D1000FE386 /* Main.storyboard in Resources */ = {isa = PBXBuildFile; fileRef = 2622CB4F1ECB62D1000FE386 /* Main.storyboard */; };
		2622CB531ECB62D1000FE386 /* Assets.xcassets in Resources */ = {isa = PBXBuildFile; fileRef = 2622CB521ECB62D1000FE386 /* Assets.xcassets */; };
		2622CB561ECB62D1000FE386 /* LaunchScreen.storyboard in Resources */ = {isa = PBXBuildFile; fileRef = 2622CB541ECB62D1000FE386 /* LaunchScreen.storyboard */; };
/* End PBXBuildFile section */

/* Begin PBXFileReference section */
		2622CB481ECB62D1000FE386 /* XYCoreSample.app */ = {isa = PBXFileReference; explicitFileType = wrapper.application; includeInIndex = 0; path = XYCoreSample.app; sourceTree = BUILT_PRODUCTS_DIR; };
		2622CB4B1ECB62D1000FE386 /* AppDelegate.swift */ = {isa = PBXFileReference; lastKnownFileType = sourcecode.swift; path = AppDelegate.swift; sourceTree = "<group>"; };
		2622CB4D1ECB62D1000FE386 /* MainViewController.swift */ = {isa = PBXFileReference; lastKnownFileType = sourcecode.swift; path = MainViewController.swift; sourceTree = "<group>"; };
		2622CB501ECB62D1000FE386 /* Base */ = {isa = PBXFileReference; lastKnownFileType = file.storyboard; name = Base; path = Base.lproj/Main.storyboard; sourceTree = "<group>"; };
		2622CB521ECB62D1000FE386 /* Assets.xcassets */ = {isa = PBXFileReference; lastKnownFileType = folder.assetcatalog; path = Assets.xcassets; sourceTree = "<group>"; };
		2622CB551ECB62D1000FE386 /* Base */ = {isa = PBXFileReference; lastKnownFileType = file.storyboard; name = Base; path = Base.lproj/LaunchScreen.storyboard; sourceTree = "<group>"; };
		2622CB571ECB62D1000FE386 /* Info.plist */ = {isa = PBXFileReference; lastKnownFileType = text.plist.xml; path = Info.plist; sourceTree = "<group>"; };
/* End PBXFileReference section */

/* Begin PBXFrameworksBuildPhase section */
		2622CB451ECB62D1000FE386 /* Frameworks */ = {
			isa = PBXFrameworksBuildPhase;
			buildActionMask = 2147483647;
			files = (
			);
			runOnlyForDeploymentPostprocessing = 0;
		};
/* End PBXFrameworksBuildPhase section */

/* Begin PBXGroup section */
		2622CB3F1ECB62D1000FE386 = {
			isa = PBXGroup;
			children = (
				2622CB4A1ECB62D1000FE386 /* XYCoreSample */,
				2622CB491ECB62D1000FE386 /* Products */,
			);
			sourceTree = "<group>";
		};
		2622CB491ECB62D1000FE386 /* Products */ = {
			isa = PBXGroup;
			children = (
				2622CB481ECB62D1000FE386 /* XYCoreSample.app */,
			);
			name = Products;
			sourceTree = "<group>";
		};
		2622CB4A1ECB62D1000FE386 /* XYCoreSample */ = {
			isa = PBXGroup;
			children = (
				2622CB4B1ECB62D1000FE386 /* AppDelegate.swift */,
				2622CB4D1ECB62D1000FE386 /* MainViewController.swift */,
				2622CB4F1ECB62D1000FE386 /* Main.storyboard */,
				2622CB521ECB62D1000FE386 /* Assets.xcassets */,
				2622CB541ECB62D1000FE386 /* LaunchScreen.storyboard */,
				2622CB571ECB62D1000FE386 /* Info.plist */,
			);
			path = XYCoreSample;
			sourceTree = "<group>";
		};
/* End PBXGroup section */

/* Begin PBXNativeTarget section */
		2622CB471ECB62D1000FE386 /* XYCoreSample */ = {
			isa = PBXNativeTarget;
			buildConfigurationList = 2622CB5A1ECB62D1000FE386 /* Build configuration list for PBXNativeTarget "XYCoreSample" */;
			buildPhases = (
				2622CB441ECB62D1000FE386 /* Sources */,
				2622CB451ECB62D1000FE386 /* Frameworks */,
				2622CB461ECB62D1000FE386 /* Resources */,
			);
			buildRules = (
			);
			dependencies = (
			);
			name = XYCoreSample;
			productName = XYCoreSample;
			productReference = 2622CB481ECB62D1000FE386 /* XYCoreSample.app */;
			productType = "com.apple.product-type.application";
		};
/* End PBXNativeTarget section */

/* Begin PBXProject section */
		2622CB401ECB62D1000FE386 /* Project object */ = {
			isa = PBXProject;
			attributes = {
				LastSwiftUpdateCheck = 0830;
				LastUpgradeCheck = 0830;
				ORGANIZATIONNAME = "XY - The Findables Company";
				TargetAttributes = {
					2622CB471ECB62D1000FE386 = {
						CreatedOnToolsVersion = 8.3.2;
						DevelopmentTeam = HFUC9P67W4;
						ProvisioningStyle = Automatic;
					};
				};
			};
			buildConfigurationList = 2622CB431ECB62D1000FE386 /* Build configuration list for PBXProject "XYCoreSample" */;
			compatibilityVersion = "Xcode 3.2";
			developmentRegion = English;
			hasScannedForEncodings = 0;
			knownRegions = (
				en,
				Base,
			);
			mainGroup = 2622CB3F1ECB62D1000FE386;
			productRefGroup = 2622CB491ECB62D1000FE386 /* Products */;
			projectDirPath = "";
			projectRoot = "";
			targets = (
				2622CB471ECB62D1000FE386 /* XYCoreSample */,
			);
		};
/* End PBXProject section */

/* Begin PBXResourcesBuildPhase section */
		2622CB461ECB62D1000FE386 /* Resources */ = {
			isa = PBXResourcesBuildPhase;
			buildActionMask = 2147483647;
			files = (
				2622CB561ECB62D1000FE386 /* LaunchScreen.storyboard in Resources */,
				2622CB531ECB62D1000FE386 /* Assets.xcassets in Resources */,
				2622CB511ECB62D1000FE386 /* Main.storyboard in Resources */,
			);
			runOnlyForDeploymentPostprocessing = 0;
		};
/* End PBXResourcesBuildPhase section */

/* Begin PBXSourcesBuildPhase section */
		2622CB441ECB62D1000FE386 /* Sources */ = {
			isa = PBXSourcesBuildPhase;
			buildActionMask = 2147483647;
			files = (
				2622CB4E1ECB62D1000FE386 /* MainViewController.swift in Sources */,
				2622CB4C1ECB62D1000FE386 /* AppDelegate.swift in Sources */,
			);
			runOnlyForDeploymentPostprocessing = 0;
		};
/* End PBXSourcesBuildPhase section */

/* Begin PBXVariantGroup section */
		2622CB4F1ECB62D1000FE386 /* Main.storyboard */ = {
			isa = PBXVariantGroup;
			children = (
				2622CB501ECB62D1000FE386 /* Base */,
			);
			name = Main.storyboard;
			sourceTree = "<group>";
		};
		2622CB541ECB62D1000FE386 /* LaunchScreen.storyboard */ = {
			isa = PBXVariantGroup;
			children = (
				2622CB551ECB62D1000FE386 /* Base */,
			);
			name = LaunchScreen.storyboard;
			sourceTree = "<group>";
		};
/* End PBXVariantGroup section */

/* Begin XCBuildConfiguration section */
		2622CB581ECB62D1000FE386 /* Debug */ = {
			isa = XCBuildConfiguration;
			buildSettings = {
				ALWAYS_SEARCH_USER_PATHS = NO;
				CLANG_ANALYZER_NONNULL = YES;
				CLANG_ANALYZER_NUMBER_OBJECT_CONVERSION = YES_AGGRESSIVE;
				CLANG_CXX_LANGUAGE_STANDARD = "gnu++0x";
				CLANG_CXX_LIBRARY = "libc++";
				CLANG_ENABLE_MODULES = YES;
				CLANG_ENABLE_OBJC_ARC = YES;
				CLANG_WARN_BOOL_CONVERSION = YES;
				CLANG_WARN_CONSTANT_CONVERSION = YES;
				CLANG_WARN_DIRECT_OBJC_ISA_USAGE = YES_ERROR;
				CLANG_WARN_DOCUMENTATION_COMMENTS = YES;
				CLANG_WARN_EMPTY_BODY = YES;
				CLANG_WARN_ENUM_CONVERSION = YES;
				CLANG_WARN_INFINITE_RECURSION = YES;
				CLANG_WARN_INT_CONVERSION = YES;
				CLANG_WARN_OBJC_ROOT_CLASS = YES_ERROR;
				CLANG_WARN_SUSPICIOUS_MOVE = YES;
				CLANG_WARN_UNREACHABLE_CODE = YES;
				CLANG_WARN__DUPLICATE_METHOD_MATCH = YES;
				"CODE_SIGN_IDENTITY[sdk=iphoneos*]" = "iPhone Developer";
				COPY_PHASE_STRIP = NO;
				DEBUG_INFORMATION_FORMAT = dwarf;
				ENABLE_STRICT_OBJC_MSGSEND = YES;
				ENABLE_TESTABILITY = YES;
				GCC_C_LANGUAGE_STANDARD = gnu99;
				GCC_DYNAMIC_NO_PIC = NO;
				GCC_NO_COMMON_BLOCKS = YES;
				GCC_OPTIMIZATION_LEVEL = 0;
				GCC_PREPROCESSOR_DEFINITIONS = (
					"DEBUG=1",
					"$(inherited)",
				);
				GCC_WARN_64_TO_32_BIT_CONVERSION = YES;
				GCC_WARN_ABOUT_RETURN_TYPE = YES_ERROR;
				GCC_WARN_UNDECLARED_SELECTOR = YES;
				GCC_WARN_UNINITIALIZED_AUTOS = YES_AGGRESSIVE;
				GCC_WARN_UNUSED_FUNCTION = YES;
				GCC_WARN_UNUSED_VARIABLE = YES;
				IPHONEOS_DEPLOYMENT_TARGET = 10.3;
				MTL_ENABLE_DEBUG_INFO = YES;
				ONLY_ACTIVE_ARCH = YES;
				SDKROOT = iphoneos;
				SWIFT_ACTIVE_COMPILATION_CONDITIONS = DEBUG;
				SWIFT_OPTIMIZATION_LEVEL = "-Onone";
				TARGETED_DEVICE_FAMILY = "1,2";
			};
			name = Debug;
		};
		2622CB591ECB62D1000FE386 /* Release */ = {
			isa = XCBuildConfiguration;
			buildSettings = {
				ALWAYS_SEARCH_USER_PATHS = NO;
				CLANG_ANALYZER_NONNULL = YES;
				CLANG_ANALYZER_NUMBER_OBJECT_CONVERSION = YES_AGGRESSIVE;
				CLANG_CXX_LANGUAGE_STANDARD = "gnu++0x";
				CLANG_CXX_LIBRARY = "libc++";
				CLANG_ENABLE_MODULES = YES;
				CLANG_ENABLE_OBJC_ARC = YES;
				CLANG_WARN_BOOL_CONVERSION = YES;
				CLANG_WARN_CONSTANT_CONVERSION = YES;
				CLANG_WARN_DIRECT_OBJC_ISA_USAGE = YES_ERROR;
				CLANG_WARN_DOCUMENTATION_COMMENTS = YES;
				CLANG_WARN_EMPTY_BODY = YES;
				CLANG_WARN_ENUM_CONVERSION = YES;
				CLANG_WARN_INFINITE_RECURSION = YES;
				CLANG_WARN_INT_CONVERSION = YES;
				CLANG_WARN_OBJC_ROOT_CLASS = YES_ERROR;
				CLANG_WARN_SUSPICIOUS_MOVE = YES;
				CLANG_WARN_UNREACHABLE_CODE = YES;
				CLANG_WARN__DUPLICATE_METHOD_MATCH = YES;
				"CODE_SIGN_IDENTITY[sdk=iphoneos*]" = "iPhone Developer";
				COPY_PHASE_STRIP = NO;
				DEBUG_INFORMATION_FORMAT = "dwarf-with-dsym";
				ENABLE_NS_ASSERTIONS = NO;
				ENABLE_STRICT_OBJC_MSGSEND = YES;
				GCC_C_LANGUAGE_STANDARD = gnu99;
				GCC_NO_COMMON_BLOCKS = YES;
				GCC_WARN_64_TO_32_BIT_CONVERSION = YES;
				GCC_WARN_ABOUT_RETURN_TYPE = YES_ERROR;
				GCC_WARN_UNDECLARED_SELECTOR = YES;
				GCC_WARN_UNINITIALIZED_AUTOS = YES_AGGRESSIVE;
				GCC_WARN_UNUSED_FUNCTION = YES;
				GCC_WARN_UNUSED_VARIABLE = YES;
				IPHONEOS_DEPLOYMENT_TARGET = 10.3;
				MTL_ENABLE_DEBUG_INFO = NO;
				SDKROOT = iphoneos;
				SWIFT_OPTIMIZATION_LEVEL = "-Owholemodule";
				TARGETED_DEVICE_FAMILY = "1,2";
				VALIDATE_PRODUCT = YES;
			};
			name = Release;
		};
		2622CB5B1ECB62D1000FE386 /* Debug */ = {
			isa = XCBuildConfiguration;
			buildSettings = {
				ASSETCATALOG_COMPILER_APPICON_NAME = AppIcon;
				DEVELOPMENT_TEAM = HFUC9P67W4;
				INFOPLIST_FILE = XYCoreSample/Info.plist;
				LD_RUNPATH_SEARCH_PATHS = "$(inherited) @executable_path/Frameworks";
				PRODUCT_BUNDLE_IDENTIFIER = com.xyfindables.core.sample;
				PRODUCT_NAME = "$(TARGET_NAME)";
				SWIFT_VERSION = 3.0;
			};
			name = Debug;
		};
		2622CB5C1ECB62D1000FE386 /* Release */ = {
			isa = XCBuildConfiguration;
			buildSettings = {
				ASSETCATALOG_COMPILER_APPICON_NAME = AppIcon;
				DEVELOPMENT_TEAM = HFUC9P67W4;
				INFOPLIST_FILE = XYCoreSample/Info.plist;
				LD_RUNPATH_SEARCH_PATHS = "$(inherited) @executable_path/Frameworks";
				PRODUCT_BUNDLE_IDENTIFIER = com.xyfindables.core.sample;
				PRODUCT_NAME = "$(TARGET_NAME)";
				SWIFT_VERSION = 3.0;
			};
			name = Release;
		};
/* End XCBuildConfiguration section */

/* Begin XCConfigurationList section */
		2622CB431ECB62D1000FE386 /* Build configuration list for PBXProject "XYCoreSample" */ = {
			isa = XCConfigurationList;
			buildConfigurations = (
				2622CB581ECB62D1000FE386 /* Debug */,
				2622CB591ECB62D1000FE386 /* Release */,
			);
			defaultConfigurationIsVisible = 0;
			defaultConfigurationName = Release;
		};
		2622CB5A1ECB62D1000FE386 /* Build configuration list for PBXNativeTarget "XYCoreSample" */ = {
			isa = XCConfigurationList;
			buildConfigurations = (
				2622CB5B1ECB62D1000FE386 /* Debug */,
				2622CB5C1ECB62D1000FE386 /* Release */,
			);
			defaultConfigurationIsVisible = 0;
			defaultConfigurationName = Release;
		};
/* End XCConfigurationList section */
	};
	rootObject = 2622CB401ECB62D1000FE386 /* Project object */;
}
